
Microsoft Visual Studio Solution File, Format Version 12.00
Project("{FAE04EC0-301F-11D3-BF4B-00C04F79EFBC}") = "StudentMgm", "StudentMgm\StudentMgm.csproj", "{BE686703-0FD2-460D-9B78-C9AE48FF9506}"
EndProject
Global
	GlobalSection(SolutionConfigurationPlatforms) = preSolution
		Debug|Any CPU = Debug|Any CPU
		Release|Any CPU = Release|Any CPU
	EndGlobalSection
	GlobalSection(ProjectConfigurationPlatforms) = postSolution
		{BE686703-0FD2-460D-9B78-C9AE48FF9506}.Debug|Any CPU.ActiveCfg = Debug|Any CPU
		{BE686703-0FD2-460D-9B78-C9AE48FF9506}.Debug|Any CPU.Build.0 = Debug|Any CPU
		{BE686703-0FD2-460D-9B78-C9AE48FF9506}.Release|Any CPU.ActiveCfg = Release|Any CPU
		{BE686703-0FD2-460D-9B78-C9AE48FF9506}.Release|Any CPU.Build.0 = Release|Any CPU
	EndGlobalSection
EndGlobal
